
Microsoft Visual Studio Solution File, Format Version 12.00
# Visual Studio Version 16
VisualStudioVersion = 16.0.31129.286
MinimumVisualStudioVersion = 10.0.40219.1
Project("{9A19103F-16F7-4668-BE54-9A1E7A4F7556}") = "UniversalModal.WPF", "UniversalModal.WPF\UniversalModal.WPF.csproj", "{65069CA6-BCC3-47C7-9651-D0FE2908F811}"
EndProject
Project("{2150E333-8FDC-42A3-9474-1A3956D46DE8}") = "Sample", "Sample", "{769AA59D-435C-4C58-A8D5-D50F0BCAED0E}"
EndProject
Project("{FAE04EC0-301F-11D3-BF4B-00C04F79EFBC}") = "UniversalModal.WPF.TestProject", "Sample\UniversalModal.WPF.TestProject\UniversalModal.WPF.TestProject.csproj", "{6A99F0C3-3810-48C5-91CB-43C547A18BF5}"
EndProject
Global
	GlobalSection(SolutionConfigurationPlatforms) = preSolution
		Debug|Any CPU = Debug|Any CPU
		Release|Any CPU = Release|Any CPU
	EndGlobalSection
	GlobalSection(ProjectConfigurationPlatforms) = postSolution
		{65069CA6-BCC3-47C7-9651-D0FE2908F811}.Debug|Any CPU.ActiveCfg = Debug|Any CPU
		{65069CA6-BCC3-47C7-9651-D0FE2908F811}.Debug|Any CPU.Build.0 = Debug|Any CPU
		{65069CA6-BCC3-47C7-9651-D0FE2908F811}.Release|Any CPU.ActiveCfg = Release|Any CPU
		{65069CA6-BCC3-47C7-9651-D0FE2908F811}.Release|Any CPU.Build.0 = Release|Any CPU
		{6A99F0C3-3810-48C5-91CB-43C547A18BF5}.Debug|Any CPU.ActiveCfg = Debug|Any CPU
		{6A99F0C3-3810-48C5-91CB-43C547A18BF5}.Debug|Any CPU.Build.0 = Debug|Any CPU
		{6A99F0C3-3810-48C5-91CB-43C547A18BF5}.Release|Any CPU.ActiveCfg = Release|Any CPU
		{6A99F0C3-3810-48C5-91CB-43C547A18BF5}.Release|Any CPU.Build.0 = Release|Any CPU
	EndGlobalSection
	GlobalSection(SolutionProperties) = preSolution
		HideSolutionNode = FALSE
	EndGlobalSection
	GlobalSection(NestedProjects) = preSolution
		{6A99F0C3-3810-48C5-91CB-43C547A18BF5} = {769AA59D-435C-4C58-A8D5-D50F0BCAED0E}
	EndGlobalSection
	GlobalSection(ExtensibilityGlobals) = postSolution
		SolutionGuid = {62C5061C-3E67-4593-AFD1-94CEA86EA03B}
	EndGlobalSection
EndGlobal
